
Microsoft Visual Studio Solution File, Format Version 12.00
# Visual Studio 15
VisualStudioVersion = 15.0.26124.0
MinimumVisualStudioVersion = 15.0.26124.0
Project("{2150E333-8FDC-42A3-9474-1A3956D46DE8}") = "Src", "Src", "{E1B24080-2134-45B1-BE82-DDC6EA681B95}"
EndProject
Project("{FAE04EC0-301F-11D3-BF4B-00C04F79EFBC}") = "Persistence", "Src\Persistence\Persistence.csproj", "{B0DC31A6-C20E-4DFD-9CAB-12797FF6F319}"
EndProject
Project("{FAE04EC0-301F-11D3-BF4B-00C04F79EFBC}") = "Infrastructure", "Src\Infrastructure\Infrastructure.csproj", "{DCAA04CB-B64F-4C0E-8A07-63A149865C3F}"
EndProject
Project("{2150E333-8FDC-42A3-9474-1A3956D46DE8}") = "Core", "Core", "{837431C9-B60C-4F4F-80BA-EE6998B2B680}"
EndProject
Project("{FAE04EC0-301F-11D3-BF4B-00C04F79EFBC}") = "Application", "Src\Core\Application\Application.csproj", "{1DAD685C-B46C-48F3-8166-8545C75C5964}"
EndProject
Project("{FAE04EC0-301F-11D3-BF4B-00C04F79EFBC}") = "Domain", "Src\Core\Domain\Domain.csproj", "{B905B62B-3EF6-4650-A215-0F1E30A9A80C}"
EndProject
Project("{FAE04EC0-301F-11D3-BF4B-00C04F79EFBC}") = "Common", "Src\Core\Common\Common.csproj", "{469B258C-F5F4-40BF-9991-A539DA90AFB6}"
EndProject
Project("{2150E333-8FDC-42A3-9474-1A3956D46DE8}") = "Presentation", "Presentation", "{A71D57D2-7F77-4860-8B58-092019333E4E}"
EndProject
Project("{FAE04EC0-301F-11D3-BF4B-00C04F79EFBC}") = "WebApi", "src\Presentation\WebApi\WebApi.csproj", "{4B4EADD6-80E3-40EC-AF4D-96B28AB9105F}"
EndProject
Global
	GlobalSection(SolutionConfigurationPlatforms) = preSolution
		Debug|Any CPU = Debug|Any CPU
		Debug|x64 = Debug|x64
		Debug|x86 = Debug|x86
		Release|Any CPU = Release|Any CPU
		Release|x64 = Release|x64
		Release|x86 = Release|x86
	EndGlobalSection
	GlobalSection(SolutionProperties) = preSolution
		HideSolutionNode = FALSE
	EndGlobalSection
	GlobalSection(ProjectConfigurationPlatforms) = postSolution
		{B0DC31A6-C20E-4DFD-9CAB-12797FF6F319}.Debug|Any CPU.ActiveCfg = Debug|Any CPU
		{B0DC31A6-C20E-4DFD-9CAB-12797FF6F319}.Debug|Any CPU.Build.0 = Debug|Any CPU
		{B0DC31A6-C20E-4DFD-9CAB-12797FF6F319}.Debug|x64.ActiveCfg = Debug|Any CPU
		{B0DC31A6-C20E-4DFD-9CAB-12797FF6F319}.Debug|x64.Build.0 = Debug|Any CPU
		{B0DC31A6-C20E-4DFD-9CAB-12797FF6F319}.Debug|x86.ActiveCfg = Debug|Any CPU
		{B0DC31A6-C20E-4DFD-9CAB-12797FF6F319}.Debug|x86.Build.0 = Debug|Any CPU
		{B0DC31A6-C20E-4DFD-9CAB-12797FF6F319}.Release|Any CPU.ActiveCfg = Release|Any CPU
		{B0DC31A6-C20E-4DFD-9CAB-12797FF6F319}.Release|Any CPU.Build.0 = Release|Any CPU
		{B0DC31A6-C20E-4DFD-9CAB-12797FF6F319}.Release|x64.ActiveCfg = Release|Any CPU
		{B0DC31A6-C20E-4DFD-9CAB-12797FF6F319}.Release|x64.Build.0 = Release|Any CPU
		{B0DC31A6-C20E-4DFD-9CAB-12797FF6F319}.Release|x86.ActiveCfg = Release|Any CPU
		{B0DC31A6-C20E-4DFD-9CAB-12797FF6F319}.Release|x86.Build.0 = Release|Any CPU
		{DCAA04CB-B64F-4C0E-8A07-63A149865C3F}.Debug|Any CPU.ActiveCfg = Debug|Any CPU
		{DCAA04CB-B64F-4C0E-8A07-63A149865C3F}.Debug|Any CPU.Build.0 = Debug|Any CPU
		{DCAA04CB-B64F-4C0E-8A07-63A149865C3F}.Debug|x64.ActiveCfg = Debug|Any CPU
		{DCAA04CB-B64F-4C0E-8A07-63A149865C3F}.Debug|x64.Build.0 = Debug|Any CPU
		{DCAA04CB-B64F-4C0E-8A07-63A149865C3F}.Debug|x86.ActiveCfg = Debug|Any CPU
		{DCAA04CB-B64F-4C0E-8A07-63A149865C3F}.Debug|x86.Build.0 = Debug|Any CPU
		{DCAA04CB-B64F-4C0E-8A07-63A149865C3F}.Release|Any CPU.ActiveCfg = Release|Any CPU
		{DCAA04CB-B64F-4C0E-8A07-63A149865C3F}.Release|Any CPU.Build.0 = Release|Any CPU
		{DCAA04CB-B64F-4C0E-8A07-63A149865C3F}.Release|x64.ActiveCfg = Release|Any CPU
		{DCAA04CB-B64F-4C0E-8A07-63A149865C3F}.Release|x64.Build.0 = Release|Any CPU
		{DCAA04CB-B64F-4C0E-8A07-63A149865C3F}.Release|x86.ActiveCfg = Release|Any CPU
		{DCAA04CB-B64F-4C0E-8A07-63A149865C3F}.Release|x86.Build.0 = Release|Any CPU
		{1DAD685C-B46C-48F3-8166-8545C75C5964}.Debug|Any CPU.ActiveCfg = Debug|Any CPU
		{1DAD685C-B46C-48F3-8166-8545C75C5964}.Debug|Any CPU.Build.0 = Debug|Any CPU
		{1DAD685C-B46C-48F3-8166-8545C75C5964}.Debug|x64.ActiveCfg = Debug|Any CPU
		{1DAD685C-B46C-48F3-8166-8545C75C5964}.Debug|x64.Build.0 = Debug|Any CPU
		{1DAD685C-B46C-48F3-8166-8545C75C5964}.Debug|x86.ActiveCfg = Debug|Any CPU
		{1DAD685C-B46C-48F3-8166-8545C75C5964}.Debug|x86.Build.0 = Debug|Any CPU
		{1DAD685C-B46C-48F3-8166-8545C75C5964}.Release|Any CPU.ActiveCfg = Release|Any CPU
		{1DAD685C-B46C-48F3-8166-8545C75C5964}.Release|Any CPU.Build.0 = Release|Any CPU
		{1DAD685C-B46C-48F3-8166-8545C75C5964}.Release|x64.ActiveCfg = Release|Any CPU
		{1DAD685C-B46C-48F3-8166-8545C75C5964}.Release|x64.Build.0 = Release|Any CPU
		{1DAD685C-B46C-48F3-8166-8545C75C5964}.Release|x86.ActiveCfg = Release|Any CPU
		{1DAD685C-B46C-48F3-8166-8545C75C5964}.Release|x86.Build.0 = Release|Any CPU
		{B905B62B-3EF6-4650-A215-0F1E30A9A80C}.Debug|Any CPU.ActiveCfg = Debug|Any CPU
		{B905B62B-3EF6-4650-A215-0F1E30A9A80C}.Debug|Any CPU.Build.0 = Debug|Any CPU
		{B905B62B-3EF6-4650-A215-0F1E30A9A80C}.Debug|x64.ActiveCfg = Debug|Any CPU
		{B905B62B-3EF6-4650-A215-0F1E30A9A80C}.Debug|x64.Build.0 = Debug|Any CPU
		{B905B62B-3EF6-4650-A215-0F1E30A9A80C}.Debug|x86.ActiveCfg = Debug|Any CPU
		{B905B62B-3EF6-4650-A215-0F1E30A9A80C}.Debug|x86.Build.0 = Debug|Any CPU
		{B905B62B-3EF6-4650-A215-0F1E30A9A80C}.Release|Any CPU.ActiveCfg = Release|Any CPU
		{B905B62B-3EF6-4650-A215-0F1E30A9A80C}.Release|Any CPU.Build.0 = Release|Any CPU
		{B905B62B-3EF6-4650-A215-0F1E30A9A80C}.Release|x64.ActiveCfg = Release|Any CPU
		{B905B62B-3EF6-4650-A215-0F1E30A9A80C}.Release|x64.Build.0 = Release|Any CPU
		{B905B62B-3EF6-4650-A215-0F1E30A9A80C}.Release|x86.ActiveCfg = Release|Any CPU
		{B905B62B-3EF6-4650-A215-0F1E30A9A80C}.Release|x86.Build.0 = Release|Any CPU
		{469B258C-F5F4-40BF-9991-A539DA90AFB6}.Debug|Any CPU.ActiveCfg = Debug|Any CPU
		{469B258C-F5F4-40BF-9991-A539DA90AFB6}.Debug|Any CPU.Build.0 = Debug|Any CPU
		{469B258C-F5F4-40BF-9991-A539DA90AFB6}.Debug|x64.ActiveCfg = Debug|Any CPU
		{469B258C-F5F4-40BF-9991-A539DA90AFB6}.Debug|x64.Build.0 = Debug|Any CPU
		{469B258C-F5F4-40BF-9991-A539DA90AFB6}.Debug|x86.ActiveCfg = Debug|Any CPU
		{469B258C-F5F4-40BF-9991-A539DA90AFB6}.Debug|x86.Build.0 = Debug|Any CPU
		{469B258C-F5F4-40BF-9991-A539DA90AFB6}.Release|Any CPU.ActiveCfg = Release|Any CPU
		{469B258C-F5F4-40BF-9991-A539DA90AFB6}.Release|Any CPU.Build.0 = Release|Any CPU
		{469B258C-F5F4-40BF-9991-A539DA90AFB6}.Release|x64.ActiveCfg = Release|Any CPU
		{469B258C-F5F4-40BF-9991-A539DA90AFB6}.Release|x64.Build.0 = Release|Any CPU
		{469B258C-F5F4-40BF-9991-A539DA90AFB6}.Release|x86.ActiveCfg = Release|Any CPU
		{469B258C-F5F4-40BF-9991-A539DA90AFB6}.Release|x86.Build.0 = Release|Any CPU
		{4B4EADD6-80E3-40EC-AF4D-96B28AB9105F}.Debug|Any CPU.ActiveCfg = Debug|Any CPU
		{4B4EADD6-80E3-40EC-AF4D-96B28AB9105F}.Debug|Any CPU.Build.0 = Debug|Any CPU
		{4B4EADD6-80E3-40EC-AF4D-96B28AB9105F}.Debug|x64.ActiveCfg = Debug|Any CPU
		{4B4EADD6-80E3-40EC-AF4D-96B28AB9105F}.Debug|x64.Build.0 = Debug|Any CPU
		{4B4EADD6-80E3-40EC-AF4D-96B28AB9105F}.Debug|x86.ActiveCfg = Debug|Any CPU
		{4B4EADD6-80E3-40EC-AF4D-96B28AB9105F}.Debug|x86.Build.0 = Debug|Any CPU
		{4B4EADD6-80E3-40EC-AF4D-96B28AB9105F}.Release|Any CPU.ActiveCfg = Release|Any CPU
		{4B4EADD6-80E3-40EC-AF4D-96B28AB9105F}.Release|Any CPU.Build.0 = Release|Any CPU
		{4B4EADD6-80E3-40EC-AF4D-96B28AB9105F}.Release|x64.ActiveCfg = Release|Any CPU
		{4B4EADD6-80E3-40EC-AF4D-96B28AB9105F}.Release|x64.Build.0 = Release|Any CPU
		{4B4EADD6-80E3-40EC-AF4D-96B28AB9105F}.Release|x86.ActiveCfg = Release|Any CPU
		{4B4EADD6-80E3-40EC-AF4D-96B28AB9105F}.Release|x86.Build.0 = Release|Any CPU
	EndGlobalSection
	GlobalSection(NestedProjects) = preSolution
		{837431C9-B60C-4F4F-80BA-EE6998B2B680} = {E1B24080-2134-45B1-BE82-DDC6EA681B95}
		{1DAD685C-B46C-48F3-8166-8545C75C5964} = {837431C9-B60C-4F4F-80BA-EE6998B2B680}
		{B905B62B-3EF6-4650-A215-0F1E30A9A80C} = {837431C9-B60C-4F4F-80BA-EE6998B2B680}
		{469B258C-F5F4-40BF-9991-A539DA90AFB6} = {837431C9-B60C-4F4F-80BA-EE6998B2B680}
		{A71D57D2-7F77-4860-8B58-092019333E4E} = {E1B24080-2134-45B1-BE82-DDC6EA681B95}
		{4B4EADD6-80E3-40EC-AF4D-96B28AB9105F} = {A71D57D2-7F77-4860-8B58-092019333E4E}
	EndGlobalSection
EndGlobal
